{
  "requires": true,
  "lockfileVersion": 1,
  "dependencies": {
    "typescript": {
      "version": "3.5.0-dev.20190425",
      "resolved": "https://registry.npmjs.org/typescript/-/typescript-3.5.0-dev.20190425.tgz",
      "integrity": "sha512-e69/pGEwU+KpSgQ32YFh06U83bIjCMK9sQ4DUA1qHWdwNrXcueoyMPTt0xKVz0yql6AZtcZJAxNMRZ9hAKln8Q=="
    }
  }
}
