{
  "name": "asc",
  "version": "1.0.0",
  "lockfileVersion": 1,
  "requires": true,
  "dependencies": {
    "@types/pixi.js": {
      "version": "4.8.7",
      "resolved": "https://registry.npmjs.org/@types/pixi.js/-/pixi.js-4.8.7.tgz",
      "integrity": "sha512-SuaeAVDWNbvVzg+ipVrNzVxMDZHaa/MRNT/+Y270sYp/qxfB31KC1wEt7KDVNq9Ac/pRdSDrxVDcLDUaYn0aVg=="
    },
    "typescript": {
      "version": "3.5.0-dev.20190425",
      "resolved": "https://registry.npmjs.org/typescript/-/typescript-3.5.0-dev.20190425.tgz",
      "integrity": "sha512-e69/pGEwU+KpSgQ32YFh06U83bIjCMK9sQ4DUA1qHWdwNrXcueoyMPTt0xKVz0yql6AZtcZJAxNMRZ9hAKln8Q=="
    }
  }
}
